
Microsoft Visual Studio Solution File, Format Version 12.00
# Visual Studio 2013
VisualStudioVersion = 12.0.40629.0
MinimumVisualStudioVersion = 10.0.40219.1
Project("{FAE04EC0-301F-11D3-BF4B-00C04F79EFBC}") = "Streamable.dotNET", "Streamable.dotNET\Streamable.dotNET.csproj", "{F30C36F2-0FEC-4173-8C4A-D0E65EA45A90}"
EndProject
Project("{FAE04EC0-301F-11D3-BF4B-00C04F79EFBC}") = "ExampleApp", "ExampleApp\ExampleApp.csproj", "{7EF6212F-E792-446F-B84F-2DEAB13C7BA4}"
EndProject
Global
	GlobalSection(SolutionConfigurationPlatforms) = preSolution
		Debug|Any CPU = Debug|Any CPU
		Release|Any CPU = Release|Any CPU
	EndGlobalSection
	GlobalSection(ProjectConfigurationPlatforms) = postSolution
		{F30C36F2-0FEC-4173-8C4A-D0E65EA45A90}.Debug|Any CPU.ActiveCfg = Debug|Any CPU
		{F30C36F2-0FEC-4173-8C4A-D0E65EA45A90}.Debug|Any CPU.Build.0 = Debug|Any CPU
		{F30C36F2-0FEC-4173-8C4A-D0E65EA45A90}.Release|Any CPU.ActiveCfg = Release|Any CPU
		{F30C36F2-0FEC-4173-8C4A-D0E65EA45A90}.Release|Any CPU.Build.0 = Release|Any CPU
		{7EF6212F-E792-446F-B84F-2DEAB13C7BA4}.Debug|Any CPU.ActiveCfg = Debug|Any CPU
		{7EF6212F-E792-446F-B84F-2DEAB13C7BA4}.Debug|Any CPU.Build.0 = Debug|Any CPU
		{7EF6212F-E792-446F-B84F-2DEAB13C7BA4}.Release|Any CPU.ActiveCfg = Release|Any CPU
		{7EF6212F-E792-446F-B84F-2DEAB13C7BA4}.Release|Any CPU.Build.0 = Release|Any CPU
	EndGlobalSection
	GlobalSection(SolutionProperties) = preSolution
		HideSolutionNode = FALSE
	EndGlobalSection
EndGlobal
